
Microsoft Visual Studio Solution File, Format Version 12.00
# Visual Studio Version 17
VisualStudioVersion = 17.5.33414.496
MinimumVisualStudioVersion = 10.0.40219.1
Project("{FAE04EC0-301F-11D3-BF4B-00C04F79EFBC}") = "ValorAntesConsoante", "ValorAntesConsoante\ValorAntesConsoante.csproj", "{CEE617DA-E9CD-4F92-8DD9-28770A3B72C8}"
EndProject
Global
	GlobalSection(SolutionConfigurationPlatforms) = preSolution
		Debug|Any CPU = Debug|Any CPU
		Release|Any CPU = Release|Any CPU
	EndGlobalSection
	GlobalSection(ProjectConfigurationPlatforms) = postSolution
		{CEE617DA-E9CD-4F92-8DD9-28770A3B72C8}.Debug|Any CPU.ActiveCfg = Debug|Any CPU
		{CEE617DA-E9CD-4F92-8DD9-28770A3B72C8}.Debug|Any CPU.Build.0 = Debug|Any CPU
		{CEE617DA-E9CD-4F92-8DD9-28770A3B72C8}.Release|Any CPU.ActiveCfg = Release|Any CPU
		{CEE617DA-E9CD-4F92-8DD9-28770A3B72C8}.Release|Any CPU.Build.0 = Release|Any CPU
	EndGlobalSection
	GlobalSection(SolutionProperties) = preSolution
		HideSolutionNode = FALSE
	EndGlobalSection
	GlobalSection(ExtensibilityGlobals) = postSolution
		SolutionGuid = {3C0FBAA3-0450-4474-9292-A2BC7C91A8D8}
	EndGlobalSection
EndGlobal
